# This file is autogenerated, do not edit; changes may be undone by the next 'dep ensure'.


[[projects]]
  digest = "1:d2ccb697dc13c8fbffafa37baae97594d5592ae8f7e113471084137315536e2b"
  name = "github.com/Azure/azure-pipeline-go"
  packages = ["pipeline"]
  pruneopts = "NUT"
  revision = "b8e3409182fd52e74f7d7bdfbff5833591b3b655"
  version = "v0.1.8"

[[projects]]
  digest = "1:c4a5edf3b0f38e709a78dcc945997678a364c2b5adfd48842a3dd349c352f833"
  name = "github.com/Azure/azure-storage-blob-go"
  packages = ["azblob"]
  pruneopts = "NUT"
  revision = "5152f14ace1c6db66bd9cb57840703a8358fa7bc"
  version = "0.3.0"

[[projects]]
  digest = "1:a074ae0f4788ea4c4c7045ab37f21943920bc20cf6ff8afcb2d971154cfa87ab"
  name = "github.com/Shopify/sarama"
  packages = ["."]
  pruneopts = "NUT"
  revision = "ec843464b50d4c8b56403ec9d589cf41ea30e722"
  version = "v1.19.0"

[[projects]]
  digest = "1:53e3ab12bcb7015566286a486db7322c4641aa53de6fa3eb8a37ab8d15da9a0a"
  name = "github.com/armon/go-metrics"
  packages = ["."]
  pruneopts = "NUT"
  revision = "3df31a1ada83e310c2e24b267c8e8b68836547b4"

[[projects]]
  digest = "1:317f90e1fb05608aebc84d8841b3360adbf7f357a722488851e8f3272e34f074"
  name = "github.com/aws/aws-sdk-go"
  packages = [
    "aws",
    "aws/awserr",
    "aws/awsutil",
    "aws/client",
    "aws/client/metadata",
    "aws/corehandlers",
    "aws/credentials",
    "aws/credentials/ec2rolecreds",
    "aws/credentials/endpointcreds",
    "aws/credentials/stscreds",
    "aws/csm",
    "aws/defaults",
    "aws/ec2metadata",
    "aws/endpoints",
    "aws/request",
    "aws/session",
    "aws/signer/v4",
    "internal/ini",
    "internal/s3err",
    "internal/sdkio",
    "internal/sdkrand",
    "internal/sdkuri",
    "internal/shareddefaults",
    "private/protocol",
    "private/protocol/eventstream",
    "private/protocol/eventstream/eventstreamapi",
    "private/protocol/query",
    "private/protocol/query/queryutil",
    "private/protocol/rest",
    "private/protocol/restxml",
    "private/protocol/xml/xmlutil",
    "service/s3",
    "service/s3/s3iface",
    "service/s3/s3manager",
    "service/sts",
  ]
  pruneopts = "NUT"
  revision = "ceab7b7ac6f535d1397f124620720b5145f1ad59"
  version = "v1.15.88"

[[projects]]
  digest = "1:be1e32779b5150a3e4341f584f14282db95feff53f60d49b17134a5710ac8ff9"
  name = "github.com/bsm/sarama-cluster"
  packages = ["."]
  pruneopts = "NUT"
  revision = "c618e605e15c0d7535f6c96ff8efbb0dba4fd66c"
  version = "v2.1.15"

[[projects]]
  digest = "1:f438d91be142877c3ad83157992c91de787ddfbddcc2a7da1ef6ef61606cadc4"
  name = "github.com/cheekybits/genny"
  packages = ["generic"]
  pruneopts = "NUT"
  revision = "d2cf3cdd35ce0d789056c4bc02a4d6349c947caf"
  version = "v1.0.0"

[[projects]]
  digest = "1:ffe9824d294da03b391f44e1ae8281281b4afc1bdaa9588c9097785e3af10cec"
  name = "github.com/davecgh/go-spew"
  packages = ["spew"]
  pruneopts = "NUT"
  revision = "8991bc29aa16c548c550c7ff78260e27b9ab7c73"
  version = "v1.1.1"

[[projects]]
  digest = "1:08143362be979b087c2c1bae5dde986e988d3d5d4dc661727cbe436411b3f33a"
  name = "github.com/eapache/go-resiliency"
  packages = ["breaker"]
  pruneopts = "NUT"
  revision = "ea41b0fad31007accc7f806884dcdf3da98b79ce"
  version = "v1.1.0"

[[projects]]
  branch = "master"
  digest = "1:d3430c048e919ed27813d20dc65a32d4e3bae3ad05b83700e244a81eaaf48e2a"
  name = "github.com/eapache/go-xerial-snappy"
  packages = ["."]
  pruneopts = "NUT"
  revision = "776d5712da21bc4762676d614db1d8a64f4238b0"

[[projects]]
  digest = "1:0d36a2b325b9e75f8057f7f9fbe778d348d70ba652cb9335485b69d1a5c4e038"
  name = "github.com/eapache/queue"
  packages = ["."]
  pruneopts = "NUT"
  revision = "44cc805cf13205b55f69e14bcb69867d1ae92f98"
  version = "v1.1.0"

[[projects]]
  digest = "1:3537d33c077a9666720dc987fddfecb07270606ac0a58f67abd08e3b252c0a45"
  name = "github.com/emicklei/go-restful"
  packages = [
    ".",
    "log",
  ]
  pruneopts = "NUT"
  revision = "3eb9738c1697594ea6e71a7156a9bb32ed216cf0"
  version = "v2.8.0"

[[projects]]
  branch = "master"
  digest = "1:6be8997d410d48dd045a8c18ee25e59ebfaeb9aa502c240b0d8ad9bb3e3fdd4f"
  name = "github.com/globalsign/mgo"
  packages = [
    ".",
    "bson",
    "internal/json",
    "internal/sasl",
    "internal/scram",
  ]
  pruneopts = "NUT"
  revision = "eeefdecb41b842af6dc652aaea4026e8403e62df"

[[projects]]
  digest = "1:c204ec81f754234f2c3c4093cc8cc42151aadedd1129b32539a472fd7881e689"
  name = "github.com/go-ini/ini"
  packages = ["."]
  pruneopts = "NUT"
  revision = "9c8236e659b76e87bf02044d06fde8683008ff3e"
  version = "v1.39.0"

[[projects]]
  digest = "1:4672ade40f62158f16cb834e445515ba035df2a91e384ed424a76f6c8323455e"
  name = "github.com/go-log/log"
  packages = [
    ".",
    "log",
  ]
  pruneopts = "NUT"
  revision = "37e2e1f19306361e1fc152a1839f1236149cb4e4"
  version = "v0.1.0"

[[projects]]
  digest = "1:3d276b54d5f83a8410f93fe6117fc7f94ceb84b196a299a7f79df7065a3821d3"
  name = "github.com/golang/protobuf"
  packages = [
    "jsonpb",
    "proto",
    "ptypes",
    "ptypes/any",
    "ptypes/duration",
    "ptypes/struct",
    "ptypes/timestamp",
  ]
  pruneopts = "NUT"
  revision = "b5d812f8a3706043e23a9cd5babf2e5423744d30"
  version = "v1.3.1"

[[projects]]
  branch = "master"
  digest = "1:7f114b78210bf5b75f307fc97cff293633c835bab1e0ea8a744a44b39c042dfe"
  name = "github.com/golang/snappy"
  packages = ["."]
  pruneopts = "NUT"
  revision = "2e65f85255dbc3072edf28d6b5b8efc472979f5a"

[[projects]]
  digest = "1:05f95ffdfcf651bdb0f05b40b69e7f5663047f8da75c72d58728acb59b5cc107"
  name = "github.com/google/btree"
  packages = ["."]
  pruneopts = "NUT"
  revision = "4030bb1f1f0c35b30ca7009e9ebd06849dd45306"
  version = "v1.0.0"

[[projects]]
  digest = "1:56a1f3949ebb7fa22fa6b4e4ac0fe0f77cc4faee5b57413e6fa9199a8458faf1"
  name = "github.com/google/uuid"
  packages = ["."]
  pruneopts = "NUT"
  revision = "9b3b1e0f5f99ae461456d768e7d301a7acdaa2d8"
  version = "v1.1.0"

[[projects]]
  branch = "master"
  digest = "1:f8bd440f3341ad2c15065da539a99450670e5b7d98fcbdb8513c911e4c249df5"
  name = "github.com/gophercloud/gophercloud"
  packages = [
    ".",
    "openstack",
    "openstack/identity/v2/tenants",
    "openstack/identity/v2/tokens",
    "openstack/identity/v3/credentials",
    "openstack/identity/v3/tokens",
    "openstack/utils",
    "pagination",
  ]
  pruneopts = "NUT"
  revision = "ff9851476e985a4f27ed846d6babd7b24b763da5"

[[projects]]
  digest = "1:27dc3eebf6676ae0d9a7e2936ecea31af1e225f253bc1300221973060dce9634"
  name = "github.com/hashicorp/consul"
  packages = [
    "api",
    "api/watch",
  ]
  pruneopts = "NUT"
  revision = "9be6dfc310ddd54627d698537a98827245185290"
  version = "v1.6.1"

[[projects]]
  digest = "1:f0d9d74edbd40fdeada436d5ac9cb5197407899af3fef85ff0137077ffe8ae19"
  name = "github.com/hashicorp/errwrap"
  packages = ["."]
  pruneopts = "NUT"
  revision = "8a6fb523712970c966eefc6b39ed2c5e74880354"
  version = "v1.0.0"

[[projects]]
  digest = "1:a5d940c38bf56f121721bfa747c66356df387cb9d5318c570c6d4170aab62862"
  name = "github.com/hashicorp/go-cleanhttp"
  packages = ["."]
  pruneopts = "NUT"
  revision = "d5fe4b57a186c716b0e00b8c301cbd9b4182694d"

[[projects]]
  digest = "1:96303573c0bb8fb3f7192575cf6b03260de1eb694c63ef2719e3cce73594632e"
  name = "github.com/hashicorp/go-msgpack"
  packages = ["codec"]
  pruneopts = "NUT"
  revision = "ad60660ecf9c5a1eae0ca32182ed72bab5807961"
  version = "v0.5.5"

[[projects]]
  digest = "1:2ed138049ab373f696db2081ca48f15c5abdf20893803612a284f2bdce2bf443"
  name = "github.com/hashicorp/go-multierror"
  packages = ["."]
  pruneopts = "NUT"
  revision = "886a7fbe3eb1c874d46f623bfa70af45f425b3d1"
  version = "v1.0.0"

[[projects]]
  branch = "master"
  digest = "1:d0848e4ad994d76a989069e9dc4faeb8eee082c9d7c93aac3df960442d6a508a"
  name = "github.com/hashicorp/go-rootcerts"
  packages = ["."]
  pruneopts = "NUT"
  revision = "6bb64b370b90e7ef1fa532be9e591a81c3493e00"

[[projects]]
  digest = "1:6c69626c7aacae1e573084cdb6ed55713094ba56263f687e5d1750053bd08598"
  name = "github.com/hashicorp/go-sockaddr"
  packages = ["."]
  pruneopts = "NUT"
  revision = "c7188e74f6acae5a989bdc959aa779f8b9f42faf"
  version = "v1.0.2"

[[projects]]
  digest = "1:ce1dacc117854223d01515646808df7bfc78246db9138aee3bb8c56296c205e5"
  name = "github.com/hashicorp/memberlist"
  packages = ["."]
  pruneopts = "NUT"
  revision = "08c40f9c3d80ff3cad168e02c8dca2713e57821b"
  version = "v0.1.5"

[[projects]]
  digest = "1:acc81e4e4289587b257ccdfccbc6eaf16d4c2fb57dda73c6bb349bf50f02501f"
  name = "github.com/hashicorp/serf"
  packages = ["coordinate"]
  pruneopts = "NUT"
  revision = "19bbd39e421bdf3559d5025fb2c760f5ffa56233"

[[projects]]
  digest = "1:ac6d01547ec4f7f673311b4663909269bfb8249952de3279799289467837c3cc"
  name = "github.com/jmespath/go-jmespath"
  packages = ["."]
  pruneopts = "NUT"
  revision = "0b12d6b5"

[[projects]]
  digest = "1:8e36686e8b139f8fe240c1d5cf3a145bc675c22ff8e707857cdd3ae17b00d728"
  name = "github.com/json-iterator/go"
  packages = ["."]
  pruneopts = "NUT"
  revision = "1624edc4454b8682399def8740d46db5e4362ba4"
  version = "v1.1.5"

[[projects]]
  digest = "1:58999a98719fddbac6303cb17e8d85b945f60b72f48e3a2df6b950b97fa926f1"
  name = "github.com/konsorten/go-windows-terminal-sequences"
  packages = ["."]
  pruneopts = "NUT"
  revision = "f55edac94c9bbba5d6182a4be46d86a2c9b5b50e"
  version = "v1.0.2"

[[projects]]
  digest = "1:bfd3efe80b851037c1d1e58c7b8f18b7a3a250352bdd137a43df825d0ace4707"
  name = "github.com/lestrrat-go/file-rotatelogs"
  packages = [
    ".",
    "internal/option",
  ]
  pruneopts = "NUT"
  revision = "3b4f34a036f374c18d604e1b8006d9fbb9593c06"
  version = "v2.2.0"

[[projects]]
  branch = "master"
  digest = "1:13dd539a69e687ce1552e1cc05e6faf43723811739993e8f246590b72b425275"
  name = "github.com/lestrrat-go/strftime"
  packages = ["."]
  pruneopts = "NUT"
  revision = "5c849dd2c51dd10faf5f1b86abec2db1ac3b9101"

[[projects]]
  digest = "1:8520e78cbe9878f6bf0cfdcfaed5761cd575b3568c260a1c891ac1f5c5c6a726"
  name = "github.com/looplab/fsm"
  packages = ["."]
  pruneopts = "NUT"
  revision = "84b5307469f859464403f80919467950a79de1b1"
  version = "v0.1.0"

[[projects]]
  digest = "1:cd16dcb3dd3c386136d703c2f0632d3adb64a2c6dba0a6f569b703df7dc6ed04"
  name = "github.com/lucas-clemente/quic-go"
  packages = [
    ".",
    "internal/ackhandler",
    "internal/congestion",
    "internal/flowcontrol",
    "internal/handshake",
    "internal/protocol",
    "internal/qerr",
    "internal/utils",
    "internal/wire",
    "quictrace",
    "quictrace/pb",
  ]
  pruneopts = "NUT"
  revision = "df82f9ca2f5cd164a30e2a22855044358d1e842c"
  version = "v0.12.0"

[[projects]]
  digest = "1:d5d263f3ae1c989305a2eed307e719506f3531644df173eae868e22489841e5f"
  name = "github.com/marten-seemann/qtls"
  packages = ["."]
  pruneopts = "NUT"
  revision = "83d1e691eac8bbfaf8562d5b61d8de406f7ba2f6"
  version = "v0.4.0"

[[projects]]
  branch = "master"
  digest = "1:1229f3d313b351d86e893adae2fdcb7bafe97b67ce065a226a66b5690c983083"
  name = "github.com/micro/cli"
  packages = ["."]
  pruneopts = "NUT"
  revision = "8b9d33ec2f19cfe2fe9f448f18b033c004c18fd2"

[[projects]]
  branch = "master"
  digest = "1:60d50fc9418f2fd1de15210071619b60f50b31b9c381228f55bf5d2e131b1777"
  name = "github.com/micro/go-log"
  packages = ["."]
  pruneopts = "NUT"
  revision = "cbfa9447f9b655f8e66583237e51f40ca9bff860"

[[projects]]
  digest = "1:a5e3df40ec5f1b90a0d988005c1651ad9e0e39d174358905c667c6efe53707da"
  name = "github.com/micro/go-micro"
  packages = [
    ".",
    "broker",
    "broker/http",
    "broker/memory",
    "broker/nats",
    "client",
    "client/grpc",
    "client/mucp",
    "client/pool",
    "client/selector",
    "client/selector/dns",
    "client/selector/router",
    "client/selector/static",
    "codec",
    "codec/bytes",
    "codec/grpc",
    "codec/json",
    "codec/jsonrpc",
    "codec/proto",
    "codec/protorpc",
    "config/cmd",
    "debug/handler",
    "debug/proto",
    "errors",
    "metadata",
    "plugin",
    "registry",
    "registry/cache",
    "registry/consul",
    "registry/gossip",
    "registry/gossip/proto",
    "registry/mdns",
    "registry/memory",
    "router",
    "router/proto",
    "server",
    "server/grpc",
    "server/mucp",
    "transport",
    "transport/grpc",
    "transport/grpc/proto",
    "transport/http",
    "transport/memory",
    "transport/quic",
    "util/addr",
    "util/buf",
    "util/grpc",
    "util/http",
    "util/log",
    "util/net",
    "util/socket",
    "util/tls",
    "web",
  ]
  pruneopts = "NUT"
  revision = "6ec32805d013ec219796b2c5c25186372b0b20c1"
  version = "v1.10.0"

[[projects]]
  branch = "master"
  digest = "1:5924777eec6d383a2a930d3d33857ebe83ed000fdaa293db1784477bc10a023a"
  name = "github.com/micro/mdns"
  packages = ["."]
  pruneopts = "NUT"
  revision = "cdf30746f9f70dc7a366d3d885792a092fd83102"

[[projects]]
  digest = "1:6676c63cef61a47c84eae578bcd8fe8352908ccfe3ea663c16797617a29e3c44"
  name = "github.com/miekg/dns"
  packages = ["."]
  pruneopts = "NUT"
  revision = "a220737569d8137d4c610f80bd33f1dc762522e5"
  version = "v1.1.0"

[[projects]]
  digest = "1:a4df73029d2c42fabcb6b41e327d2f87e685284ec03edf76921c267d9cfc9c23"
  name = "github.com/mitchellh/go-homedir"
  packages = ["."]
  pruneopts = "NUT"
  revision = "ae18d6b8b3205b561c79e8e5f69bff09736185f4"
  version = "v1.0.0"

[[projects]]
  digest = "1:e34decedbcec12332c5836d16a6838f864e0b43c5b4f9aa9d9a85101015f87c2"
  name = "github.com/mitchellh/hashstructure"
  packages = ["."]
  pruneopts = "NUT"
  revision = "a38c50148365edc8df43c1580c48fb2b3a1e9cd7"
  version = "v1.0.0"

[[projects]]
  digest = "1:7ab17345d3ff52cee65e3f0494b5a53976955b090b8a99f93cb65f3d3322b2df"
  name = "github.com/mitchellh/mapstructure"
  packages = ["."]
  pruneopts = "NUT"
  revision = "5a380f224700b8a6c4eaad048804f5bff514cb35"

[[projects]]
  digest = "1:2f42fa12d6911c7b7659738758631bec870b7e9b4c6be5444f963cdcfccc191f"
  name = "github.com/modern-go/concurrent"
  packages = ["."]
  pruneopts = "NUT"
  revision = "bacd9c7ef1dd9b15be4a9909b8ac7a4e313eec94"
  version = "1.0.3"

[[projects]]
  digest = "1:c6aca19413b13dc59c220ad7430329e2ec454cc310bc6d8de2c7e2b93c18a0f6"
  name = "github.com/modern-go/reflect2"
  packages = ["."]
  pruneopts = "NUT"
  revision = "4b7aa43c6742a2c18fdef89dd197aaae7dac7ccd"
  version = "1.0.1"

[[projects]]
  digest = "1:198f52f16bac13d9338ae08d4ab3d16812e840550146ad6097d22ed5cb395629"
  name = "github.com/nats-io/nats.go"
  packages = [
    ".",
    "encoders/builtin",
    "util",
  ]
  pruneopts = "NUT"
  revision = "e2837a2879e82886f6e21715e3a0217fdc46d370"
  version = "v1.8.1"

[[projects]]
  digest = "1:d649fe8fa50df39a525a9acd9fa73a29f8097272467ca3830a2ebc1abcfb33e3"
  name = "github.com/nats-io/nkeys"
  packages = ["."]
  pruneopts = "NUT"
  revision = "0073b400419be3ffb022ef46b675805e92534a34"
  version = "v0.1.0"

[[projects]]
  digest = "1:98d41d5085f44b0baa46a83ca0ca6d8a079f1ffb449ba5a36050ca9019de391c"
  name = "github.com/nats-io/nuid"
  packages = ["."]
  pruneopts = "NUT"
  revision = "4b96681fa6d28dd0ab5fe79bac63b3a493d9ee94"
  version = "v1.0.1"

[[projects]]
  branch = "master"
  digest = "1:89da0f0574bc94cfd0ac8b59af67bf76cdd110d503df2721006b9f0492394333"
  name = "github.com/petar/GoLLRB"
  packages = ["llrb"]
  pruneopts = "NUT"
  revision = "33fb24c13b99c46c93183c291836c573ac382536"

[[projects]]
  digest = "1:1d920dce8e11bfff65b5709e883a8ece131b63a5bc4b2cd404f9ef7eb445f73f"
  name = "github.com/pierrec/lz4"
  packages = [
    ".",
    "internal/xxh32",
  ]
  pruneopts = "NUT"
  revision = "635575b42742856941dbc767b44905bb9ba083f6"
  version = "v2.0.7"

[[projects]]
  digest = "1:5cf3f025cbee5951a4ee961de067c8a89fc95a5adabead774f82822efabab121"
  name = "github.com/pkg/errors"
  packages = ["."]
  pruneopts = "NUT"
  revision = "645ef00459ed84a119197bfb8d8205042c6df63d"
  version = "v0.8.0"

[[projects]]
  digest = "1:0028cb19b2e4c3112225cd871870f2d9cf49b9b4276531f03438a88e94be86fe"
  name = "github.com/pmezard/go-difflib"
  packages = ["difflib"]
  pruneopts = "NUT"
  revision = "792786c7400a136282c1664665ae0a8db921c6c2"
  version = "v1.0.0"

[[projects]]
  branch = "master"
  digest = "1:120b256a4d3cd2946ffa4b87102731c2f004aed6d836dc2fba400ed9398696e7"
  name = "github.com/rcrowley/go-metrics"
  packages = ["."]
  pruneopts = "NUT"
  revision = "3113b8401b8a98917cde58f8bbd42a1b1c03b1fd"

[[projects]]
  digest = "1:ffe8353de82ab7608fc1fd9a246e71b231af2479727dd165e3720cc2e8918177"
  name = "github.com/rifflock/lfshook"
  packages = ["."]
  pruneopts = "NUT"
  revision = "b9218ef580f59a2e72dad1aa33d660150445d05a"
  version = "v2.4"

[[projects]]
  digest = "1:53c3320ee307f01fd24a88e396a8d2239cd8346d1a085320209319f2d33f59cc"
  name = "github.com/robfig/cron"
  packages = ["."]
  pruneopts = "NUT"
  revision = "b41be1df696709bb6395fe435af20370037c0b4c"
  version = "v1.1"

[[projects]]
  branch = "master"
  digest = "1:e9315f529844d86e0ce8a561e7b92325ffe19ec36d10dbb9e83c7d7d352eb6bb"
  name = "github.com/sean-/seed"
  packages = ["."]
  pruneopts = "NUT"
  revision = "e2103e2c35297fb7e17febb81e49b312087a2372"

[[projects]]
  digest = "1:f4aaa07a6c33f2b354726d0571acbc8ca118837c75709f6353203ae1a3f8eeab"
  name = "github.com/sirupsen/logrus"
  packages = ["."]
  pruneopts = "NUT"
  revision = "839c75faf7f98a33d445d181f3018b5c3409a45e"
  version = "v1.4.2"

[[projects]]
  digest = "1:42e8c2456d7ec0f31e182c20022e74324c4da2cb3bd9069ff9b131fe33466308"
  name = "github.com/stretchr/testify"
  packages = ["assert"]
  pruneopts = "NUT"
  revision = "ffdc059bfe9ce6a4e144ba849dbedead332c6053"
  version = "v1.3.0"

[[projects]]
  branch = "master"
  digest = "1:f4bafafd206bf22491f5834d2cb7e36d30bddb4438401643956029768b99990d"
  name = "github.com/webrtcn/s3client"
  packages = [
    ".",
    "models",
  ]
  pruneopts = "NUT"
  revision = "6590fd04c8e8b452d9379caea62de95fa8d1e792"

[[projects]]
  branch = "master"
  digest = "1:075faffa3f818532066a6ad15ad56f6471a586f4cbe34385c0b2aaf5f1216223"
  name = "golang.org/x/crypto"
  packages = [
    "chacha20poly1305",
    "cryptobyte",
    "cryptobyte/asn1",
    "curve25519",
    "ed25519",
    "ed25519/internal/edwards25519",
    "hkdf",
    "internal/chacha20",
    "internal/subtle",
    "poly1305",
  ]
  pruneopts = "NUT"
  revision = "eb0de9b17e854e9b1ccd9963efafc79862359959"

[[projects]]
  branch = "master"
  digest = "1:410f9b4f2e42c5ea5a495b78c73bae53b3c2743b2f869945d0d7590ac42230ed"
  name = "golang.org/x/net"
  packages = [
    "bpf",
    "context",
    "http/httpguts",
    "http2",
    "http2/h2c",
    "http2/hpack",
    "idna",
    "internal/iana",
    "internal/socket",
    "internal/timeseries",
    "ipv4",
    "ipv6",
    "trace",
  ]
  pruneopts = "NUT"
  revision = "fae4c4e3ad76c295c3d6d259f898136b4bf833a8"

[[projects]]
  branch = "master"
  digest = "1:d9145d39cff033ac906e5d804a9e3beeea7f964010fcc5d43fc93f6aa3f6456b"
  name = "golang.org/x/sys"
  packages = [
    "cpu",
    "unix",
  ]
  pruneopts = "NUT"
  revision = "4ed8d59d0b35e1e29334a206d1b3f38b1e5dfb31"

[[projects]]
  digest = "1:e7071ed636b5422cc51c0e3a6cebc229d6c9fffc528814b519a980641422d619"
  name = "golang.org/x/text"
  packages = [
    "collate",
    "collate/build",
    "internal/colltab",
    "internal/gen",
    "internal/tag",
    "internal/triegen",
    "internal/ucd",
    "language",
    "secure/bidirule",
    "transform",
    "unicode/bidi",
    "unicode/cldr",
    "unicode/norm",
    "unicode/rangetable",
  ]
  pruneopts = "NUT"
  revision = "f21a4dfb5e38f5895301dc265a8def02365cc3d0"
  version = "v0.3.0"

[[projects]]
  branch = "master"
  digest = "1:583a0c80f5e3a9343d33aea4aead1e1afcc0043db66fdf961ddd1fe8cd3a4faf"
  name = "google.golang.org/genproto"
  packages = ["googleapis/rpc/status"]
  pruneopts = "NUT"
  revision = "b8fbc687dcfb8a4f653770e1ea13fc3d0c5085f0"

[[projects]]
  digest = "1:3402d0f99f4bdc28b92dfbf22cbab88e1790b83209e812157c68803d4fc089d0"
  name = "google.golang.org/grpc"
  packages = [
    ".",
    "balancer",
    "balancer/base",
    "balancer/roundrobin",
    "binarylog/grpc_binarylog_v1",
    "codes",
    "connectivity",
    "credentials",
    "credentials/internal",
    "encoding",
    "encoding/proto",
    "grpclog",
    "internal",
    "internal/backoff",
    "internal/balancerload",
    "internal/binarylog",
    "internal/channelz",
    "internal/envconfig",
    "internal/grpcrand",
    "internal/grpcsync",
    "internal/syscall",
    "internal/transport",
    "keepalive",
    "metadata",
    "naming",
    "peer",
    "resolver",
    "resolver/dns",
    "resolver/passthrough",
    "serviceconfig",
    "stats",
    "status",
    "tap",
  ]
  pruneopts = "NUT"
  revision = "f6d0f9ee430895e87ef1ceb5ac8f39725bafceef"
  version = "v1.24.0"

[solve-meta]
  analyzer-name = "dep"
  analyzer-version = 1
  input-imports = [
    "github.com/Azure/azure-storage-blob-go/azblob",
    "github.com/Shopify/sarama",
    "github.com/aws/aws-sdk-go/aws",
    "github.com/aws/aws-sdk-go/aws/awserr",
    "github.com/aws/aws-sdk-go/aws/credentials",
    "github.com/aws/aws-sdk-go/aws/session",
    "github.com/aws/aws-sdk-go/service/s3",
    "github.com/aws/aws-sdk-go/service/s3/s3manager",
    "github.com/bsm/sarama-cluster",
    "github.com/emicklei/go-restful",
    "github.com/globalsign/mgo",
    "github.com/globalsign/mgo/bson",
    "github.com/go-ini/ini",
    "github.com/golang/protobuf/proto",
    "github.com/gophercloud/gophercloud",
    "github.com/gophercloud/gophercloud/openstack",
    "github.com/gophercloud/gophercloud/openstack/identity/v3/credentials",
    "github.com/gophercloud/gophercloud/openstack/identity/v3/tokens",
    "github.com/lestrrat-go/file-rotatelogs",
    "github.com/looplab/fsm",
    "github.com/micro/go-log",
    "github.com/micro/go-micro",
    "github.com/micro/go-micro/client",
    "github.com/micro/go-micro/metadata",
    "github.com/micro/go-micro/server",
    "github.com/micro/go-micro/web",
    "github.com/rifflock/lfshook",
    "github.com/robfig/cron",
    "github.com/sirupsen/logrus",
    "github.com/stretchr/testify/assert",
    "github.com/webrtcn/s3client",
    "github.com/webrtcn/s3client/models",
    "golang.org/x/net/context",
  ]
  solver-name = "gps-cdcl"
  solver-version = 1
